Microsoft Visual Studio Solution File, Format Version 12.00
# Visual Studio Version 17
VisualStudioVersion = 17.5.2.0
MinimumVisualStudioVersion = 10.0.40219.1
Project("{FAE04EC0-301F-11D3-BF4B-00C04F79EFBC}") = "TeamTRPG_Project", "TeamTRPG_Project.csproj", "{B658CE23-6449-3D5C-48D9-5B4810E97335}"
EndProject
Global
	GlobalSection(SolutionConfigurationPlatforms) = preSolution
		Debug|Any CPU = Debug|Any CPU
		Release|Any CPU = Release|Any CPU
	EndGlobalSection
	GlobalSection(ProjectConfigurationPlatforms) = postSolution
		{B658CE23-6449-3D5C-48D9-5B4810E97335}.Debug|Any CPU.ActiveCfg = Debug|Any CPU
		{B658CE23-6449-3D5C-48D9-5B4810E97335}.Debug|Any CPU.Build.0 = Debug|Any CPU
		{B658CE23-6449-3D5C-48D9-5B4810E97335}.Release|Any CPU.ActiveCfg = Release|Any CPU
		{B658CE23-6449-3D5C-48D9-5B4810E97335}.Release|Any CPU.Build.0 = Release|Any CPU
	EndGlobalSection
	GlobalSection(SolutionProperties) = preSolution
		HideSolutionNode = FALSE
	EndGlobalSection
	GlobalSection(ExtensibilityGlobals) = postSolution
		SolutionGuid = {7EB695FF-F64C-498C-8A98-D881DCA5636C}
	EndGlobalSection
EndGlobal
